
Microsoft Visual Studio Solution File, Format Version 12.00
Project("{2150E333-8FDC-42A3-9474-1A3956D46DE8}") = "src", "src", "{E50DF6A9-1B28-468D-831D-52B92C89E05B}"
EndProject
Project("{FAE04EC0-301F-11D3-BF4B-00C04F79EFBC}") = "Domain", "src\Domain\Domain.csproj", "{51C4C731-92D9-4FA3-B906-3C87D0BA1876}"
EndProject
Project("{FAE04EC0-301F-11D3-BF4B-00C04F79EFBC}") = "Infrastructure", "src\Infrastructure\Infrastructure.csproj", "{943B3225-E382-492A-8482-9FAE996AAC4C}"
EndProject
Project("{2150E333-8FDC-42A3-9474-1A3956D46DE8}") = "app", "app", "{1E98ED9F-E431-49A8-AA5B-E0FDA382323E}"
EndProject
Project("{FAE04EC0-301F-11D3-BF4B-00C04F79EFBC}") = "ExpenseTrackerApi", "app\ExpenseTrackerApi\ExpenseTrackerApi.csproj", "{FD2FC38E-CF7E-4D2B-B882-7B5422866549}"
EndProject
Project("{2150E333-8FDC-42A3-9474-1A3956D46DE8}") = "test", "test", "{3CB12677-59A4-4044-8257-753373D3F437}"
EndProject
Project("{FAE04EC0-301F-11D3-BF4B-00C04F79EFBC}") = "InfrastructureTest", "test\InfrastructureTest\InfrastructureTest.csproj", "{2FC275C0-D1B3-4CB4-A724-5792017BDBF3}"
EndProject
Project("{FAE04EC0-301F-11D3-BF4B-00C04F79EFBC}") = "Application", "src\Application\Application.csproj", "{1504105F-C1A9-4630-B763-1BC7C52873A4}"
EndProject
Global
	GlobalSection(SolutionConfigurationPlatforms) = preSolution
		Debug|Any CPU = Debug|Any CPU
		Release|Any CPU = Release|Any CPU
	EndGlobalSection
	GlobalSection(NestedProjects) = preSolution
		{51C4C731-92D9-4FA3-B906-3C87D0BA1876} = {E50DF6A9-1B28-468D-831D-52B92C89E05B}
		{943B3225-E382-492A-8482-9FAE996AAC4C} = {E50DF6A9-1B28-468D-831D-52B92C89E05B}
		{FD2FC38E-CF7E-4D2B-B882-7B5422866549} = {1E98ED9F-E431-49A8-AA5B-E0FDA382323E}
		{2FC275C0-D1B3-4CB4-A724-5792017BDBF3} = {3CB12677-59A4-4044-8257-753373D3F437}
		{1504105F-C1A9-4630-B763-1BC7C52873A4} = {E50DF6A9-1B28-468D-831D-52B92C89E05B}
	EndGlobalSection
	GlobalSection(ProjectConfigurationPlatforms) = postSolution
		{51C4C731-92D9-4FA3-B906-3C87D0BA1876}.Debug|Any CPU.ActiveCfg = Debug|Any CPU
		{51C4C731-92D9-4FA3-B906-3C87D0BA1876}.Debug|Any CPU.Build.0 = Debug|Any CPU
		{51C4C731-92D9-4FA3-B906-3C87D0BA1876}.Release|Any CPU.ActiveCfg = Release|Any CPU
		{51C4C731-92D9-4FA3-B906-3C87D0BA1876}.Release|Any CPU.Build.0 = Release|Any CPU
		{943B3225-E382-492A-8482-9FAE996AAC4C}.Debug|Any CPU.ActiveCfg = Debug|Any CPU
		{943B3225-E382-492A-8482-9FAE996AAC4C}.Debug|Any CPU.Build.0 = Debug|Any CPU
		{943B3225-E382-492A-8482-9FAE996AAC4C}.Release|Any CPU.ActiveCfg = Release|Any CPU
		{943B3225-E382-492A-8482-9FAE996AAC4C}.Release|Any CPU.Build.0 = Release|Any CPU
		{FD2FC38E-CF7E-4D2B-B882-7B5422866549}.Debug|Any CPU.ActiveCfg = Debug|Any CPU
		{FD2FC38E-CF7E-4D2B-B882-7B5422866549}.Debug|Any CPU.Build.0 = Debug|Any CPU
		{FD2FC38E-CF7E-4D2B-B882-7B5422866549}.Release|Any CPU.ActiveCfg = Release|Any CPU
		{FD2FC38E-CF7E-4D2B-B882-7B5422866549}.Release|Any CPU.Build.0 = Release|Any CPU
		{2FC275C0-D1B3-4CB4-A724-5792017BDBF3}.Debug|Any CPU.ActiveCfg = Debug|Any CPU
		{2FC275C0-D1B3-4CB4-A724-5792017BDBF3}.Debug|Any CPU.Build.0 = Debug|Any CPU
		{2FC275C0-D1B3-4CB4-A724-5792017BDBF3}.Release|Any CPU.ActiveCfg = Release|Any CPU
		{2FC275C0-D1B3-4CB4-A724-5792017BDBF3}.Release|Any CPU.Build.0 = Release|Any CPU
		{1504105F-C1A9-4630-B763-1BC7C52873A4}.Debug|Any CPU.ActiveCfg = Debug|Any CPU
		{1504105F-C1A9-4630-B763-1BC7C52873A4}.Debug|Any CPU.Build.0 = Debug|Any CPU
		{1504105F-C1A9-4630-B763-1BC7C52873A4}.Release|Any CPU.ActiveCfg = Release|Any CPU
		{1504105F-C1A9-4630-B763-1BC7C52873A4}.Release|Any CPU.Build.0 = Release|Any CPU
	EndGlobalSection
EndGlobal
